
Microsoft Visual Studio Solution File, Format Version 12.00
# Visual Studio Version 16
VisualStudioVersion = 16.0.30611.23
MinimumVisualStudioVersion = 10.0.40219.1
Project("{FAE04EC0-301F-11D3-BF4B-00C04F79EFBC}") = "ConsoleApp_Step_221", "ConsoleApp_Step_221\ConsoleApp_Step_221.csproj", "{D7CDE976-163C-4F31-92B3-4A49C13B23A1}"
EndProject
Global
	GlobalSection(SolutionConfigurationPlatforms) = preSolution
		Debug|Any CPU = Debug|Any CPU
		Release|Any CPU = Release|Any CPU
	EndGlobalSection
	GlobalSection(ProjectConfigurationPlatforms) = postSolution
		{D7CDE976-163C-4F31-92B3-4A49C13B23A1}.Debug|Any CPU.ActiveCfg = Debug|Any CPU
		{D7CDE976-163C-4F31-92B3-4A49C13B23A1}.Debug|Any CPU.Build.0 = Debug|Any CPU
		{D7CDE976-163C-4F31-92B3-4A49C13B23A1}.Release|Any CPU.ActiveCfg = Release|Any CPU
		{D7CDE976-163C-4F31-92B3-4A49C13B23A1}.Release|Any CPU.Build.0 = Release|Any CPU
	EndGlobalSection
	GlobalSection(SolutionProperties) = preSolution
		HideSolutionNode = FALSE
	EndGlobalSection
	GlobalSection(ExtensibilityGlobals) = postSolution
		SolutionGuid = {E8275CF2-127D-4B98-B7FE-2B1002F26C18}
	EndGlobalSection
EndGlobal
